schema: kyber-squad.lock/v1
squad-version: 0.1.7-rc.2
cli-version: 0.1.7-rc.2
mcp-version: 0.1.7-rc.2
bundle: full
targets:
  - copilot
exclusions: []
translation: best-effort
bundle-digest: bbb22ab1fad63fad24ae35a96b31e058c4da3dabb1a661df20d0bfed451181b1
asset-digest: 2aab57648e241130fdfb44ac274869204f803ef12502480d2226da18a4933077
apm:
  version: unverified
  tag-commit: unverified
  asset-sha256: unverified
